
Microsoft Visual Studio Solution File, Format Version 12.00
# Visual Studio Version 17
VisualStudioVersion = 17.8.34330.188
MinimumVisualStudioVersion = 10.0.40219.1
Project("{9A19103F-16F7-4668-BE54-9A1E7A4F7556}") = "Backend", "Backend\Backend.csproj", "{8CF6DFCA-C05D-4CFA-86F7-2369861122A8}"
EndProject
Project("{9A19103F-16F7-4668-BE54-9A1E7A4F7556}") = "Frontend", "Frontend\Frontend.csproj", "{779E51D1-2B3D-4DB1-8C6E-DD8B83284D76}"
	ProjectSection(ProjectDependencies) = postProject
		{8CF6DFCA-C05D-4CFA-86F7-2369861122A8} = {8CF6DFCA-C05D-4CFA-86F7-2369861122A8}
	EndProjectSection
EndProject
Project("{FAE04EC0-301F-11D3-BF4B-00C04F79EFBC}") = "Tests", "Tests\Tests.csproj", "{ACF9F2FB-0812-4FE2-9832-B73F922CD54E}"
	ProjectSection(ProjectDependencies) = postProject
		{8CF6DFCA-C05D-4CFA-86F7-2369861122A8} = {8CF6DFCA-C05D-4CFA-86F7-2369861122A8}
	EndProjectSection
EndProject
Project("{2150E333-8FDC-42A3-9474-1A3956D46DE8}") = "DAL", "DAL", "{F205D55F-E27E-4161-B8DB-F665392E7287}"
EndProject
Project("{2150E333-8FDC-42A3-9474-1A3956D46DE8}") = "BussinessLayer", "BussinessLayer", "{987C0FD5-9C7D-4688-B353-823A30B76955}"
EndProject
Project("{2150E333-8FDC-42A3-9474-1A3956D46DE8}") = "Core", "Core", "{555F8183-EEE4-4EEB-9B65-BCFA8959527B}"
EndProject
Project("{2150E333-8FDC-42A3-9474-1A3956D46DE8}") = "TuringMachine", "TuringMachine", "{348E2614-B97E-4F1E-8B58-C55EBB63B578}"
EndProject
Project("{2150E333-8FDC-42A3-9474-1A3956D46DE8}") = "Challenge", "Challenge", "{189BBC18-B1FE-4A09-AE08-3D43C42060CE}"
EndProject
Project("{9A19103F-16F7-4668-BE54-9A1E7A4F7556}") = "BussinessLayer.TuringMachines.Interfaces", "TuringMachine.Interfaces\BussinessLayer.TuringMachines.Interfaces.csproj", "{37F6F7D8-751F-4134-BACD-5AB5E4CC4154}"
EndProject
Project("{9A19103F-16F7-4668-BE54-9A1E7A4F7556}") = "BussinessLayer.TuringMachines.Impl", "BussinessLayer.TuringMachine.Impl\BussinessLayer.TuringMachines.Impl.csproj", "{FB9E4DD6-17A3-42CC-BF01-27F07DFACADA}"
EndProject
Project("{2150E333-8FDC-42A3-9474-1A3956D46DE8}") = "CodeEvaluation", "CodeEvaluation", "{7E481DF7-7EB7-47A3-9A66-B71B683D345A}"
EndProject
Project("{9A19103F-16F7-4668-BE54-9A1E7A4F7556}") = "BussinessLayer.CodeEvaluation.Interfaces", "BussinessLayer.CodeEvaluation.Interfaces\BussinessLayer.CodeEvaluation.Interfaces.csproj", "{82FD2DD3-EE73-4C5F-B26C-2DBFBCDC3947}"
EndProject
Project("{9A19103F-16F7-4668-BE54-9A1E7A4F7556}") = "BussinessLayer.CodeEvaluation.Impl", "BussinessLayer.CodeEvaluation.Impl\BussinessLayer.CodeEvaluation.Impl.csproj", "{2807D206-F126-4278-BBE5-812EDB211414}"
EndProject
Project("{9A19103F-16F7-4668-BE54-9A1E7A4F7556}") = "BussinessLayer.TuringMachines.Test", "BussinessLayer.TuringMachine.Test\BussinessLayer.TuringMachines.Test.csproj", "{06F9FD97-7769-43F0-9D07-BCC554CFD626}"
EndProject
Project("{FAE04EC0-301F-11D3-BF4B-00C04F79EFBC}") = "BussinessLayer.CodeEvaluation.Test", "BussinessLayer.CodeEvaluation.Test\BussinessLayer.CodeEvaluation.Test.csproj", "{C90D0A2A-1E68-4D65-8101-E54DF8BE8B0D}"
EndProject
Global
	GlobalSection(SolutionConfigurationPlatforms) = preSolution
		Debug|Any CPU = Debug|Any CPU
		Release|Any CPU = Release|Any CPU
	EndGlobalSection
	GlobalSection(ProjectConfigurationPlatforms) = postSolution
		{8CF6DFCA-C05D-4CFA-86F7-2369861122A8}.Debug|Any CPU.ActiveCfg = Debug|Any CPU
		{8CF6DFCA-C05D-4CFA-86F7-2369861122A8}.Debug|Any CPU.Build.0 = Debug|Any CPU
		{8CF6DFCA-C05D-4CFA-86F7-2369861122A8}.Release|Any CPU.ActiveCfg = Release|Any CPU
		{8CF6DFCA-C05D-4CFA-86F7-2369861122A8}.Release|Any CPU.Build.0 = Release|Any CPU
		{779E51D1-2B3D-4DB1-8C6E-DD8B83284D76}.Debug|Any CPU.ActiveCfg = Debug|Any CPU
		{779E51D1-2B3D-4DB1-8C6E-DD8B83284D76}.Debug|Any CPU.Build.0 = Debug|Any CPU
		{779E51D1-2B3D-4DB1-8C6E-DD8B83284D76}.Release|Any CPU.ActiveCfg = Release|Any CPU
		{779E51D1-2B3D-4DB1-8C6E-DD8B83284D76}.Release|Any CPU.Build.0 = Release|Any CPU
		{ACF9F2FB-0812-4FE2-9832-B73F922CD54E}.Debug|Any CPU.ActiveCfg = Debug|Any CPU
		{ACF9F2FB-0812-4FE2-9832-B73F922CD54E}.Debug|Any CPU.Build.0 = Debug|Any CPU
		{ACF9F2FB-0812-4FE2-9832-B73F922CD54E}.Release|Any CPU.ActiveCfg = Release|Any CPU
		{ACF9F2FB-0812-4FE2-9832-B73F922CD54E}.Release|Any CPU.Build.0 = Release|Any CPU
		{37F6F7D8-751F-4134-BACD-5AB5E4CC4154}.Debug|Any CPU.ActiveCfg = Debug|Any CPU
		{37F6F7D8-751F-4134-BACD-5AB5E4CC4154}.Debug|Any CPU.Build.0 = Debug|Any CPU
		{37F6F7D8-751F-4134-BACD-5AB5E4CC4154}.Release|Any CPU.ActiveCfg = Release|Any CPU
		{37F6F7D8-751F-4134-BACD-5AB5E4CC4154}.Release|Any CPU.Build.0 = Release|Any CPU
		{FB9E4DD6-17A3-42CC-BF01-27F07DFACADA}.Debug|Any CPU.ActiveCfg = Debug|Any CPU
		{FB9E4DD6-17A3-42CC-BF01-27F07DFACADA}.Debug|Any CPU.Build.0 = Debug|Any CPU
		{FB9E4DD6-17A3-42CC-BF01-27F07DFACADA}.Release|Any CPU.ActiveCfg = Release|Any CPU
		{FB9E4DD6-17A3-42CC-BF01-27F07DFACADA}.Release|Any CPU.Build.0 = Release|Any CPU
		{82FD2DD3-EE73-4C5F-B26C-2DBFBCDC3947}.Debug|Any CPU.ActiveCfg = Debug|Any CPU
		{82FD2DD3-EE73-4C5F-B26C-2DBFBCDC3947}.Debug|Any CPU.Build.0 = Debug|Any CPU
		{82FD2DD3-EE73-4C5F-B26C-2DBFBCDC3947}.Release|Any CPU.ActiveCfg = Release|Any CPU
		{82FD2DD3-EE73-4C5F-B26C-2DBFBCDC3947}.Release|Any CPU.Build.0 = Release|Any CPU
		{2807D206-F126-4278-BBE5-812EDB211414}.Debug|Any CPU.ActiveCfg = Debug|Any CPU
		{2807D206-F126-4278-BBE5-812EDB211414}.Debug|Any CPU.Build.0 = Debug|Any CPU
		{2807D206-F126-4278-BBE5-812EDB211414}.Release|Any CPU.ActiveCfg = Release|Any CPU
		{2807D206-F126-4278-BBE5-812EDB211414}.Release|Any CPU.Build.0 = Release|Any CPU
		{06F9FD97-7769-43F0-9D07-BCC554CFD626}.Debug|Any CPU.ActiveCfg = Debug|Any CPU
		{06F9FD97-7769-43F0-9D07-BCC554CFD626}.Debug|Any CPU.Build.0 = Debug|Any CPU
		{06F9FD97-7769-43F0-9D07-BCC554CFD626}.Release|Any CPU.ActiveCfg = Release|Any CPU
		{06F9FD97-7769-43F0-9D07-BCC554CFD626}.Release|Any CPU.Build.0 = Release|Any CPU
		{C90D0A2A-1E68-4D65-8101-E54DF8BE8B0D}.Debug|Any CPU.ActiveCfg = Debug|Any CPU
		{C90D0A2A-1E68-4D65-8101-E54DF8BE8B0D}.Debug|Any CPU.Build.0 = Debug|Any CPU
		{C90D0A2A-1E68-4D65-8101-E54DF8BE8B0D}.Release|Any CPU.ActiveCfg = Release|Any CPU
		{C90D0A2A-1E68-4D65-8101-E54DF8BE8B0D}.Release|Any CPU.Build.0 = Release|Any CPU
	EndGlobalSection
	GlobalSection(SolutionProperties) = preSolution
		HideSolutionNode = FALSE
	EndGlobalSection
	GlobalSection(NestedProjects) = preSolution
		{555F8183-EEE4-4EEB-9B65-BCFA8959527B} = {987C0FD5-9C7D-4688-B353-823A30B76955}
		{348E2614-B97E-4F1E-8B58-C55EBB63B578} = {555F8183-EEE4-4EEB-9B65-BCFA8959527B}
		{189BBC18-B1FE-4A09-AE08-3D43C42060CE} = {555F8183-EEE4-4EEB-9B65-BCFA8959527B}
		{37F6F7D8-751F-4134-BACD-5AB5E4CC4154} = {348E2614-B97E-4F1E-8B58-C55EBB63B578}
		{FB9E4DD6-17A3-42CC-BF01-27F07DFACADA} = {348E2614-B97E-4F1E-8B58-C55EBB63B578}
		{7E481DF7-7EB7-47A3-9A66-B71B683D345A} = {555F8183-EEE4-4EEB-9B65-BCFA8959527B}
		{82FD2DD3-EE73-4C5F-B26C-2DBFBCDC3947} = {7E481DF7-7EB7-47A3-9A66-B71B683D345A}
		{2807D206-F126-4278-BBE5-812EDB211414} = {7E481DF7-7EB7-47A3-9A66-B71B683D345A}
		{06F9FD97-7769-43F0-9D07-BCC554CFD626} = {348E2614-B97E-4F1E-8B58-C55EBB63B578}
		{C90D0A2A-1E68-4D65-8101-E54DF8BE8B0D} = {7E481DF7-7EB7-47A3-9A66-B71B683D345A}
	EndGlobalSection
	GlobalSection(ExtensibilityGlobals) = postSolution
		SolutionGuid = {9CCC4C49-56B9-4091-8199-E5D346AFB8DE}
	EndGlobalSection
EndGlobal
